// !$*UTF8*$!
{
	archiveVersion = 1;
	classes = {
	};
	objectVersion = 46;
	objects = {

/* Begin PBXBuildFile section */
		E3AEDD2D1D941D73007A635B /* AppDelegate.swift in Sources */ = {isa = PBXBuildFile; fileRef = E3AEDD2C1D941D73007A635B /* AppDelegate.swift */; };
		E3AEDD2F1D941D73007A635B /* ViewController.swift in Sources */ = {isa = PBXBuildFile; fileRef = E3AEDD2E1D941D73007A635B /* ViewController.swift */; };
		E3AEDD321D941D73007A635B /* Main.storyboard in Resources */ = {isa = PBXBuildFile; fileRef = E3AEDD301D941D73007A635B /* Main.storyboard */; };
		E3AEDD341D941D73007A635B /* Assets.xcassets in Resources */ = {isa = PBXBuildFile; fileRef = E3AEDD331D941D73007A635B /* Assets.xcassets */; };
		E3AEDD371D941D73007A635B /* LaunchScreen.storyboard in Resources */ = {isa = PBXBuildFile; fileRef = E3AEDD351D941D73007A635B /* LaunchScreen.storyboard */; };
/* End PBXBuildFile section */

/* Begin PBXFileReference section */
		E3AEDD291D941D73007A635B /* proj_4.app */ = {isa = PBXFileReference; explicitFileType = wrapper.application; includeInIndex = 0; path = proj_4.app; sourceTree = BUILT_PRODUCTS_DIR; };
		E3AEDD2C1D941D73007A635B /* AppDelegate.swift */ = {isa = PBXFileReference; lastKnownFileType = sourcecode.swift; path = AppDelegate.swift; sourceTree = "<group>"; };
		E3AEDD2E1D941D73007A635B /* ViewController.swift */ = {isa = PBXFileReference; lastKnownFileType = sourcecode.swift; path = ViewController.swift; sourceTree = "<group>"; };
		E3AEDD311D941D73007A635B /* Base */ = {isa = PBXFileReference; lastKnownFileType = file.storyboard; name = Base; path = Base.lproj/Main.storyboard; sourceTree = "<group>"; };
		E3AEDD331D941D73007A635B /* Assets.xcassets */ = {isa = PBXFileReference; lastKnownFileType = folder.assetcatalog; path = Assets.xcassets; sourceTree = "<group>"; };
		E3AEDD361D941D73007A635B /* Base */ = {isa = PBXFileReference; lastKnownFileType = file.storyboard; name = Base; path = Base.lproj/LaunchScreen.storyboard; sourceTree = "<group>"; };
		E3AEDD381D941D73007A635B /* Info.plist */ = {isa = PBXFileReference; lastKnownFileType = text.plist.xml; path = Info.plist; sourceTree = "<group>"; };
/* End PBXFileReference section */

/* Begin PBXFrameworksBuildPhase section */
		E3AEDD261D941D73007A635B /* Frameworks */ = {
			isa = PBXFrameworksBuildPhase;
			buildActionMask = 2147483647;
			files = (
			);
			runOnlyForDeploymentPostprocessing = 0;
		};
/* End PBXFrameworksBuildPhase section */

/* Begin PBXGroup section */
		E3AEDD201D941D73007A635B = {
			isa = PBXGroup;
			children = (
				E3AEDD2B1D941D73007A635B /* proj_4 */,
				E3AEDD2A1D941D73007A635B /* Products */,
			);
			sourceTree = "<group>";
		};
		E3AEDD2A1D941D73007A635B /* Products */ = {
			isa = PBXGroup;
			children = (
				E3AEDD291D941D73007A635B /* proj_4.app */,
			);
			name = Products;
			sourceTree = "<group>";
		};
		E3AEDD2B1D941D73007A635B /* proj_4 */ = {
			isa = PBXGroup;
			children = (
				E3AEDD2C1D941D73007A635B /* AppDelegate.swift */,
				E3AEDD2E1D941D73007A635B /* ViewController.swift */,
				E3AEDD301D941D73007A635B /* Main.storyboard */,
				E3AEDD331D941D73007A635B /* Assets.xcassets */,
				E3AEDD351D941D73007A635B /* LaunchScreen.storyboard */,
				E3AEDD381D941D73007A635B /* Info.plist */,
			);
			path = proj_4;
			sourceTree = "<group>";
		};
/* End PBXGroup section */

/* Begin PBXNativeTarget section */
		E3AEDD281D941D73007A635B /* proj_4 */ = {
			isa = PBXNativeTarget;
			buildConfigurationList = E3AEDD3B1D941D73007A635B /* Build configuration list for PBXNativeTarget "proj_4" */;
			buildPhases = (
				E3AEDD251D941D73007A635B /* Sources */,
				E3AEDD261D941D73007A635B /* Frameworks */,
				E3AEDD271D941D73007A635B /* Resources */,
			);
			buildRules = (
			);
			dependencies = (
			);
			name = proj_4;
			productName = proj_4;
			productReference = E3AEDD291D941D73007A635B /* proj_4.app */;
			productType = "com.apple.product-type.application";
		};
/* End PBXNativeTarget section */

/* Begin PBXProject section */
		E3AEDD211D941D73007A635B /* Project object */ = {
			isa = PBXProject;
			attributes = {
				LastSwiftUpdateCheck = 0800;
				LastUpgradeCheck = 0800;
				ORGANIZATIONNAME = dhfromkorea;
				TargetAttributes = {
					E3AEDD281D941D73007A635B = {
						CreatedOnToolsVersion = 8.0;
						ProvisioningStyle = Automatic;
					};
				};
			};
			buildConfigurationList = E3AEDD241D941D73007A635B /* Build configuration list for PBXProject "proj_4" */;
			compatibilityVersion = "Xcode 3.2";
			developmentRegion = English;
			hasScannedForEncodings = 0;
			knownRegions = (
				en,
				Base,
			);
			mainGroup = E3AEDD201D941D73007A635B;
			productRefGroup = E3AEDD2A1D941D73007A635B /* Products */;
			projectDirPath = "";
			projectRoot = "";
			targets = (
				E3AEDD281D941D73007A635B /* proj_4 */,
			);
		};
/* End PBXProject section */

/* Begin PBXResourcesBuildPhase section */
		E3AEDD271D941D73007A635B /* Resources */ = {
			isa = PBXResourcesBuildPhase;
			buildActionMask = 2147483647;
			files = (
				E3AEDD371D941D73007A635B /* LaunchScreen.storyboard in Resources */,
				E3AEDD341D941D73007A635B /* Assets.xcassets in Resources */,
				E3AEDD321D941D73007A635B /* Main.storyboard in Resources */,
			);
			runOnlyForDeploymentPostprocessing = 0;
		};
/* End PBXResourcesBuildPhase section */

/* Begin PBXSourcesBuildPhase section */
		E3AEDD251D941D73007A635B /* Sources */ = {
			isa = PBXSourcesBuildPhase;
			buildActionMask = 2147483647;
			files = (
				E3AEDD2F1D941D73007A635B /* ViewController.swift in Sources */,
				E3AEDD2D1D941D73007A635B /* AppDelegate.swift in Sources */,
			);
			runOnlyForDeploymentPostprocessing = 0;
		};
/* End PBXSourcesBuildPhase section */

/* Begin PBXVariantGroup section */
		E3AEDD301D941D73007A635B /* Main.storyboard */ = {
			isa = PBXVariantGroup;
			children = (
				E3AEDD311D941D73007A635B /* Base */,
			);
			name = Main.storyboard;
			sourceTree = "<group>";
		};
		E3AEDD351D941D73007A635B /* LaunchScreen.storyboard */ = {
			isa = PBXVariantGroup;
			children = (
				E3AEDD361D941D73007A635B /* Base */,
			);
			name = LaunchScreen.storyboard;
			sourceTree = "<group>";
		};
/* End PBXVariantGroup section */

/* Begin XCBuildConfiguration section */
		E3AEDD391D941D73007A635B /* Debug */ = {
			isa = XCBuildConfiguration;
			buildSettings = {
				ALWAYS_SEARCH_USER_PATHS = NO;
				CLANG_ANALYZER_NONNULL = YES;
				CLANG_CXX_LANGUAGE_STANDARD = "gnu++0x";
				CLANG_CXX_LIBRARY = "libc++";
				CLANG_ENABLE_MODULES = YES;
				CLANG_ENABLE_OBJC_ARC = YES;
				CLANG_WARN_BOOL_CONVERSION = YES;
				CLANG_WARN_CONSTANT_CONVERSION = YES;
				CLANG_WARN_DIRECT_OBJC_ISA_USAGE = YES_ERROR;
				CLANG_WARN_DOCUMENTATION_COMMENTS = YES;
				CLANG_WARN_EMPTY_BODY = YES;
				CLANG_WARN_ENUM_CONVERSION = YES;
				CLANG_WARN_INFINITE_RECURSION = YES;
				CLANG_WARN_INT_CONVERSION = YES;
				CLANG_WARN_OBJC_ROOT_CLASS = YES_ERROR;
				CLANG_WARN_SUSPICIOUS_MOVES = YES;
				CLANG_WARN_UNREACHABLE_CODE = YES;
				CLANG_WARN__DUPLICATE_METHOD_MATCH = YES;
				"CODE_SIGN_IDENTITY[sdk=iphoneos*]" = "iPhone Developer";
				COPY_PHASE_STRIP = NO;
				DEBUG_INFORMATION_FORMAT = dwarf;
				ENABLE_STRICT_OBJC_MSGSEND = YES;
				ENABLE_TESTABILITY = YES;
				GCC_C_LANGUAGE_STANDARD = gnu99;
				GCC_DYNAMIC_NO_PIC = NO;
				GCC_NO_COMMON_BLOCKS = YES;
				GCC_OPTIMIZATION_LEVEL = 0;
				GCC_PREPROCESSOR_DEFINITIONS = (
					"DEBUG=1",
					"$(inherited)",
				);
				GCC_WARN_64_TO_32_BIT_CONVERSION = YES;
				GCC_WARN_ABOUT_RETURN_TYPE = YES_ERROR;
				GCC_WARN_UNDECLARED_SELECTOR = YES;
				GCC_WARN_UNINITIALIZED_AUTOS = YES_AGGRESSIVE;
				GCC_WARN_UNUSED_FUNCTION = YES;
				GCC_WARN_UNUSED_VARIABLE = YES;
				IPHONEOS_DEPLOYMENT_TARGET = 10.0;
				MTL_ENABLE_DEBUG_INFO = YES;
				ONLY_ACTIVE_ARCH = YES;
				SDKROOT = iphoneos;
				SWIFT_ACTIVE_COMPILATION_CONDITIONS = DEBUG;
				SWIFT_OPTIMIZATION_LEVEL = "-Onone";
			};
			name = Debug;
		};
		E3AEDD3A1D941D73007A635B /* Release */ = {
			isa = XCBuildConfiguration;
			buildSettings = {
				ALWAYS_SEARCH_USER_PATHS = NO;
				CLANG_ANALYZER_NONNULL = YES;
				CLANG_CXX_LANGUAGE_STANDARD = "gnu++0x";
				CLANG_CXX_LIBRARY = "libc++";
				CLANG_ENABLE_MODULES = YES;
				CLANG_ENABLE_OBJC_ARC = YES;
				CLANG_WARN_BOOL_CONVERSION = YES;
				CLANG_WARN_CONSTANT_CONVERSION = YES;
				CLANG_WARN_DIRECT_OBJC_ISA_USAGE = YES_ERROR;
				CLANG_WARN_DOCUMENTATION_COMMENTS = YES;
				CLANG_WARN_EMPTY_BODY = YES;
				CLANG_WARN_ENUM_CONVERSION = YES;
				CLANG_WARN_INFINITE_RECURSION = YES;
				CLANG_WARN_INT_CONVERSION = YES;
				CLANG_WARN_OBJC_ROOT_CLASS = YES_ERROR;
				CLANG_WARN_SUSPICIOUS_MOVES = YES;
				CLANG_WARN_UNREACHABLE_CODE = YES;
				CLANG_WARN__DUPLICATE_METHOD_MATCH = YES;
				"CODE_SIGN_IDENTITY[sdk=iphoneos*]" = "iPhone Developer";
				COPY_PHASE_STRIP = NO;
				DEBUG_INFORMATION_FORMAT = "dwarf-with-dsym";
				ENABLE_NS_ASSERTIONS = NO;
				ENABLE_STRICT_OBJC_MSGSEND = YES;
				GCC_C_LANGUAGE_STANDARD = gnu99;
				GCC_NO_COMMON_BLOCKS = YES;
				GCC_WARN_64_TO_32_BIT_CONVERSION = YES;
				GCC_WARN_ABOUT_RETURN_TYPE = YES_ERROR;
				GCC_WARN_UNDECLARED_SELECTOR = YES;
				GCC_WARN_UNINITIALIZED_AUTOS = YES_AGGRESSIVE;
				GCC_WARN_UNUSED_FUNCTION = YES;
				GCC_WARN_UNUSED_VARIABLE = YES;
				IPHONEOS_DEPLOYMENT_TARGET = 10.0;
				MTL_ENABLE_DEBUG_INFO = NO;
				SDKROOT = iphoneos;
				SWIFT_OPTIMIZATION_LEVEL = "-Owholemodule";
				VALIDATE_PRODUCT = YES;
			};
			name = Release;
		};
		E3AEDD3C1D941D73007A635B /* Debug */ = {
			isa = XCBuildConfiguration;
			buildSettings = {
				ASSETCATALOG_COMPILER_APPICON_NAME = AppIcon;
				DEVELOPMENT_TEAM = "";
				INFOPLIST_FILE = proj_4/Info.plist;
				LD_RUNPATH_SEARCH_PATHS = "$(inherited) @executable_path/Frameworks";
				PRODUCT_BUNDLE_IDENTIFIER = "com.dhfromkorea.proj-4";
				PRODUCT_NAME = "$(TARGET_NAME)";
				SWIFT_VERSION = 3.0;
			};
			name = Debug;
		};
		E3AEDD3D1D941D73007A635B /* Release */ = {
			isa = XCBuildConfiguration;
			buildSettings = {
				ASSETCATALOG_COMPILER_APPICON_NAME = AppIcon;
				DEVELOPMENT_TEAM = "";
				INFOPLIST_FILE = proj_4/Info.plist;
				LD_RUNPATH_SEARCH_PATHS = "$(inherited) @executable_path/Frameworks";
				PRODUCT_BUNDLE_IDENTIFIER = "com.dhfromkorea.proj-4";
				PRODUCT_NAME = "$(TARGET_NAME)";
				SWIFT_VERSION = 3.0;
			};
			name = Release;
		};
/* End XCBuildConfiguration section */

/* Begin XCConfigurationList section */
		E3AEDD241D941D73007A635B /* Build configuration list for PBXProject "proj_4" */ = {
			isa = XCConfigurationList;
			buildConfigurations = (
				E3AEDD391D941D73007A635B /* Debug */,
				E3AEDD3A1D941D73007A635B /* Release */,
			);
			defaultConfigurationIsVisible = 0;
			defaultConfigurationName = Release;
		};
		E3AEDD3B1D941D73007A635B /* Build configuration list for PBXNativeTarget "proj_4" */ = {
			isa = XCConfigurationList;
			buildConfigurations = (
				E3AEDD3C1D941D73007A635B /* Debug */,
				E3AEDD3D1D941D73007A635B /* Release */,
			);
			defaultConfigurationIsVisible = 0;
		};
/* End XCConfigurationList section */
	};
	rootObject = E3AEDD211D941D73007A635B /* Project object */;
}
